// !$*UTF8*$!
{
	archiveVersion = 1;
	classes = {
	};
	objectVersion = 56;
	objects = {

/* Begin PBXBuildFile section */
		5715F2C32B3A614E008C0A45 /* SeSACWebSocketApp.swift in Sources */ = {isa = PBXBuildFile; fileRef = 5715F2C22B3A614E008C0A45 /* SeSACWebSocketApp.swift */; };
		5715F2C52B3A614E008C0A45 /* ContentView.swift in Sources */ = {isa = PBXBuildFile; fileRef = 5715F2C42B3A614E008C0A45 /* ContentView.swift */; };
		5715F2C72B3A6153008C0A45 /* Assets.xcassets in Resources */ = {isa = PBXBuildFile; fileRef = 5715F2C62B3A6153008C0A45 /* Assets.xcassets */; };
		5715F2CA2B3A6153008C0A45 /* Preview Assets.xcassets in Resources */ = {isa = PBXBuildFile; fileRef = 5715F2C92B3A6153008C0A45 /* Preview Assets.xcassets */; };
		5715F2D12B3A627D008C0A45 /* WebSocketManager.swift in Sources */ = {isa = PBXBuildFile; fileRef = 5715F2D02B3A627D008C0A45 /* WebSocketManager.swift */; };
		5715F2D32B3A6B08008C0A45 /* SocketViewModel.swift in Sources */ = {isa = PBXBuildFile; fileRef = 5715F2D22B3A6B08008C0A45 /* SocketViewModel.swift */; };
		5715F2D52B3A6BE9008C0A45 /* SocketView.swift in Sources */ = {isa = PBXBuildFile; fileRef = 5715F2D42B3A6BE9008C0A45 /* SocketView.swift */; };
		5715F2D72B3A7D2C008C0A45 /* Model.swift in Sources */ = {isa = PBXBuildFile; fileRef = 5715F2D62B3A7D2C008C0A45 /* Model.swift */; };
		5715F2DB2B3BB961008C0A45 /* SwiftViewController.swift in Sources */ = {isa = PBXBuildFile; fileRef = 5715F2DA2B3BB961008C0A45 /* SwiftViewController.swift */; };
/* End PBXBuildFile section */

/* Begin PBXFileReference section */
		5715F2BF2B3A614E008C0A45 /* SeSACWebSocket.app */ = {isa = PBXFileReference; explicitFileType = wrapper.application; includeInIndex = 0; path = SeSACWebSocket.app; sourceTree = BUILT_PRODUCTS_DIR; };
		5715F2C22B3A614E008C0A45 /* SeSACWebSocketApp.swift */ = {isa = PBXFileReference; lastKnownFileType = sourcecode.swift; path = SeSACWebSocketApp.swift; sourceTree = "<group>"; };
		5715F2C42B3A614E008C0A45 /* ContentView.swift */ = {isa = PBXFileReference; lastKnownFileType = sourcecode.swift; path = ContentView.swift; sourceTree = "<group>"; };
		5715F2C62B3A6153008C0A45 /* Assets.xcassets */ = {isa = PBXFileReference; lastKnownFileType = folder.assetcatalog; path = Assets.xcassets; sourceTree = "<group>"; };
		5715F2C92B3A6153008C0A45 /* Preview Assets.xcassets */ = {isa = PBXFileReference; lastKnownFileType = folder.assetcatalog; path = "Preview Assets.xcassets"; sourceTree = "<group>"; };
		5715F2D02B3A627D008C0A45 /* WebSocketManager.swift */ = {isa = PBXFileReference; lastKnownFileType = sourcecode.swift; path = WebSocketManager.swift; sourceTree = "<group>"; };
		5715F2D22B3A6B08008C0A45 /* SocketViewModel.swift */ = {isa = PBXFileReference; lastKnownFileType = sourcecode.swift; path = SocketViewModel.swift; sourceTree = "<group>"; };
		5715F2D42B3A6BE9008C0A45 /* SocketView.swift */ = {isa = PBXFileReference; lastKnownFileType = sourcecode.swift; path = SocketView.swift; sourceTree = "<group>"; };
		5715F2D62B3A7D2C008C0A45 /* Model.swift */ = {isa = PBXFileReference; lastKnownFileType = sourcecode.swift; path = Model.swift; sourceTree = "<group>"; };
		5715F2DA2B3BB961008C0A45 /* SwiftViewController.swift */ = {isa = PBXFileReference; lastKnownFileType = sourcecode.swift; path = SwiftViewController.swift; sourceTree = "<group>"; };
/* End PBXFileReference section */

/* Begin PBXFrameworksBuildPhase section */
		5715F2BC2B3A614E008C0A45 /* Frameworks */ = {
			isa = PBXFrameworksBuildPhase;
			buildActionMask = 2147483647;
			files = (
			);
			runOnlyForDeploymentPostprocessing = 0;
		};
/* End PBXFrameworksBuildPhase section */

/* Begin PBXGroup section */
		5715F2B62B3A614E008C0A45 = {
			isa = PBXGroup;
			children = (
				5715F2C12B3A614E008C0A45 /* SeSACWebSocket */,
				5715F2C02B3A614E008C0A45 /* Products */,
			);
			sourceTree = "<group>";
		};
		5715F2C02B3A614E008C0A45 /* Products */ = {
			isa = PBXGroup;
			children = (
				5715F2BF2B3A614E008C0A45 /* SeSACWebSocket.app */,
			);
			name = Products;
			sourceTree = "<group>";
		};
		5715F2C12B3A614E008C0A45 /* SeSACWebSocket */ = {
			isa = PBXGroup;
			children = (
				5715F2C22B3A614E008C0A45 /* SeSACWebSocketApp.swift */,
				5715F2C42B3A614E008C0A45 /* ContentView.swift */,
				5715F2DA2B3BB961008C0A45 /* SwiftViewController.swift */,
				5715F2D42B3A6BE9008C0A45 /* SocketView.swift */,
				5715F2D02B3A627D008C0A45 /* WebSocketManager.swift */,
				5715F2D62B3A7D2C008C0A45 /* Model.swift */,
				5715F2D22B3A6B08008C0A45 /* SocketViewModel.swift */,
				5715F2C62B3A6153008C0A45 /* Assets.xcassets */,
				5715F2C82B3A6153008C0A45 /* Preview Content */,
			);
			path = SeSACWebSocket;
			sourceTree = "<group>";
		};
		5715F2C82B3A6153008C0A45 /* Preview Content */ = {
			isa = PBXGroup;
			children = (
				5715F2C92B3A6153008C0A45 /* Preview Assets.xcassets */,
			);
			path = "Preview Content";
			sourceTree = "<group>";
		};
/* End PBXGroup section */

/* Begin PBXNativeTarget section */
		5715F2BE2B3A614E008C0A45 /* SeSACWebSocket */ = {
			isa = PBXNativeTarget;
			buildConfigurationList = 5715F2CD2B3A6153008C0A45 /* Build configuration list for PBXNativeTarget "SeSACWebSocket" */;
			buildPhases = (
				5715F2BB2B3A614E008C0A45 /* Sources */,
				5715F2BC2B3A614E008C0A45 /* Frameworks */,
				5715F2BD2B3A614E008C0A45 /* Resources */,
			);
			buildRules = (
			);
			dependencies = (
			);
			name = SeSACWebSocket;
			productName = SeSACWebSocket;
			productReference = 5715F2BF2B3A614E008C0A45 /* SeSACWebSocket.app */;
			productType = "com.apple.product-type.application";
		};
/* End PBXNativeTarget section */

/* Begin PBXProject section */
		5715F2B72B3A614E008C0A45 /* Project object */ = {
			isa = PBXProject;
			attributes = {
				BuildIndependentTargetsInParallel = 1;
				LastSwiftUpdateCheck = 1420;
				LastUpgradeCheck = 1420;
				TargetAttributes = {
					5715F2BE2B3A614E008C0A45 = {
						CreatedOnToolsVersion = 14.2;
					};
				};
			};
			buildConfigurationList = 5715F2BA2B3A614E008C0A45 /* Build configuration list for PBXProject "SeSACWebSocket" */;
			compatibilityVersion = "Xcode 14.0";
			developmentRegion = en;
			hasScannedForEncodings = 0;
			knownRegions = (
				en,
				Base,
			);
			mainGroup = 5715F2B62B3A614E008C0A45;
			productRefGroup = 5715F2C02B3A614E008C0A45 /* Products */;
			projectDirPath = "";
			projectRoot = "";
			targets = (
				5715F2BE2B3A614E008C0A45 /* SeSACWebSocket */,
			);
		};
/* End PBXProject section */

/* Begin PBXResourcesBuildPhase section */
		5715F2BD2B3A614E008C0A45 /* Resources */ = {
			isa = PBXResourcesBuildPhase;
			buildActionMask = 2147483647;
			files = (
				5715F2CA2B3A6153008C0A45 /* Preview Assets.xcassets in Resources */,
				5715F2C72B3A6153008C0A45 /* Assets.xcassets in Resources */,
			);
			runOnlyForDeploymentPostprocessing = 0;
		};
/* End PBXResourcesBuildPhase section */

/* Begin PBXSourcesBuildPhase section */
		5715F2BB2B3A614E008C0A45 /* Sources */ = {
			isa = PBXSourcesBuildPhase;
			buildActionMask = 2147483647;
			files = (
				5715F2C52B3A614E008C0A45 /* ContentView.swift in Sources */,
				5715F2D52B3A6BE9008C0A45 /* SocketView.swift in Sources */,
				5715F2D32B3A6B08008C0A45 /* SocketViewModel.swift in Sources */,
				5715F2D72B3A7D2C008C0A45 /* Model.swift in Sources */,
				5715F2C32B3A614E008C0A45 /* SeSACWebSocketApp.swift in Sources */,
				5715F2D12B3A627D008C0A45 /* WebSocketManager.swift in Sources */,
				5715F2DB2B3BB961008C0A45 /* SwiftViewController.swift in Sources */,
			);
			runOnlyForDeploymentPostprocessing = 0;
		};
/* End PBXSourcesBuildPhase section */

/* Begin XCBuildConfiguration section */
		5715F2CB2B3A6153008C0A45 /* Debug */ = {
			isa = XCBuildConfiguration;
			buildSettings = {
				ALWAYS_SEARCH_USER_PATHS = NO;
				CLANG_ANALYZER_NONNULL = YES;
				CLANG_ANALYZER_NUMBER_OBJECT_CONVERSION = YES_AGGRESSIVE;
				CLANG_CXX_LANGUAGE_STANDARD = "gnu++20";
				CLANG_ENABLE_MODULES = YES;
				CLANG_ENABLE_OBJC_ARC = YES;
				CLANG_ENABLE_OBJC_WEAK = YES;
				CLANG_WARN_BLOCK_CAPTURE_AUTORELEASING = YES;
				CLANG_WARN_BOOL_CONVERSION = YES;
				CLANG_WARN_COMMA = YES;
				CLANG_WARN_CONSTANT_CONVERSION = YES;
				CLANG_WARN_DEPRECATED_OBJC_IMPLEMENTATIONS = YES;
				CLANG_WARN_DIRECT_OBJC_ISA_USAGE = YES_ERROR;
				CLANG_WARN_DOCUMENTATION_COMMENTS = YES;
				CLANG_WARN_EMPTY_BODY = YES;
				CLANG_WARN_ENUM_CONVERSION = YES;
				CLANG_WARN_INFINITE_RECURSION = YES;
				CLANG_WARN_INT_CONVERSION = YES;
				CLANG_WARN_NON_LITERAL_NULL_CONVERSION = YES;
				CLANG_WARN_OBJC_IMPLICIT_RETAIN_SELF = YES;
				CLANG_WARN_OBJC_LITERAL_CONVERSION = YES;
				CLANG_WARN_OBJC_ROOT_CLASS = YES_ERROR;
				CLANG_WARN_QUOTED_INCLUDE_IN_FRAMEWORK_HEADER = YES;
				CLANG_WARN_RANGE_LOOP_ANALYSIS = YES;
				CLANG_WARN_STRICT_PROTOTYPES = YES;
				CLANG_WARN_SUSPICIOUS_MOVE = YES;
				CLANG_WARN_UNGUARDED_AVAILABILITY = YES_AGGRESSIVE;
				CLANG_WARN_UNREACHABLE_CODE = YES;
				CLANG_WARN__DUPLICATE_METHOD_MATCH = YES;
				COPY_PHASE_STRIP = NO;
				DEBUG_INFORMATION_FORMAT = dwarf;
				ENABLE_STRICT_OBJC_MSGSEND = YES;
				ENABLE_TESTABILITY = YES;
				GCC_C_LANGUAGE_STANDARD = gnu11;
				GCC_DYNAMIC_NO_PIC = NO;
				GCC_NO_COMMON_BLOCKS = YES;
				GCC_OPTIMIZATION_LEVEL = 0;
				GCC_PREPROCESSOR_DEFINITIONS = (
					"DEBUG=1",
					"$(inherited)",
				);
				GCC_WARN_64_TO_32_BIT_CONVERSION = YES;
				GCC_WARN_ABOUT_RETURN_TYPE = YES_ERROR;
				GCC_WARN_UNDECLARED_SELECTOR = YES;
				GCC_WARN_UNINITIALIZED_AUTOS = YES_AGGRESSIVE;
				GCC_WARN_UNUSED_FUNCTION = YES;
				GCC_WARN_UNUSED_VARIABLE = YES;
				IPHONEOS_DEPLOYMENT_TARGET = 16.2;
				MTL_ENABLE_DEBUG_INFO = INCLUDE_SOURCE;
				MTL_FAST_MATH = YES;
				ONLY_ACTIVE_ARCH = YES;
				SDKROOT = iphoneos;
				SWIFT_ACTIVE_COMPILATION_CONDITIONS = DEBUG;
				SWIFT_OPTIMIZATION_LEVEL = "-Onone";
			};
			name = Debug;
		};
		5715F2CC2B3A6153008C0A45 /* Release */ = {
			isa = XCBuildConfiguration;
			buildSettings = {
				ALWAYS_SEARCH_USER_PATHS = NO;
				CLANG_ANALYZER_NONNULL = YES;
				CLANG_ANALYZER_NUMBER_OBJECT_CONVERSION = YES_AGGRESSIVE;
				CLANG_CXX_LANGUAGE_STANDARD = "gnu++20";
				CLANG_ENABLE_MODULES = YES;
				CLANG_ENABLE_OBJC_ARC = YES;
				CLANG_ENABLE_OBJC_WEAK = YES;
				CLANG_WARN_BLOCK_CAPTURE_AUTORELEASING = YES;
				CLANG_WARN_BOOL_CONVERSION = YES;
				CLANG_WARN_COMMA = YES;
				CLANG_WARN_CONSTANT_CONVERSION = YES;
				CLANG_WARN_DEPRECATED_OBJC_IMPLEMENTATIONS = YES;
				CLANG_WARN_DIRECT_OBJC_ISA_USAGE = YES_ERROR;
				CLANG_WARN_DOCUMENTATION_COMMENTS = YES;
				CLANG_WARN_EMPTY_BODY = YES;
				CLANG_WARN_ENUM_CONVERSION = YES;
				CLANG_WARN_INFINITE_RECURSION = YES;
				CLANG_WARN_INT_CONVERSION = YES;
				CLANG_WARN_NON_LITERAL_NULL_CONVERSION = YES;
				CLANG_WARN_OBJC_IMPLICIT_RETAIN_SELF = YES;
				CLANG_WARN_OBJC_LITERAL_CONVERSION = YES;
				CLANG_WARN_OBJC_ROOT_CLASS = YES_ERROR;
				CLANG_WARN_QUOTED_INCLUDE_IN_FRAMEWORK_HEADER = YES;
				CLANG_WARN_RANGE_LOOP_ANALYSIS = YES;
				CLANG_WARN_STRICT_PROTOTYPES = YES;
				CLANG_WARN_SUSPICIOUS_MOVE = YES;
				CLANG_WARN_UNGUARDED_AVAILABILITY = YES_AGGRESSIVE;
				CLANG_WARN_UNREACHABLE_CODE = YES;
				CLANG_WARN__DUPLICATE_METHOD_MATCH = YES;
				COPY_PHASE_STRIP = NO;
				DEBUG_INFORMATION_FORMAT = "dwarf-with-dsym";
				ENABLE_NS_ASSERTIONS = NO;
				ENABLE_STRICT_OBJC_MSGSEND = YES;
				GCC_C_LANGUAGE_STANDARD = gnu11;
				GCC_NO_COMMON_BLOCKS = YES;
				GCC_WARN_64_TO_32_BIT_CONVERSION = YES;
				GCC_WARN_ABOUT_RETURN_TYPE = YES_ERROR;
				GCC_WARN_UNDECLARED_SELECTOR = YES;
				GCC_WARN_UNINITIALIZED_AUTOS = YES_AGGRESSIVE;
				GCC_WARN_UNUSED_FUNCTION = YES;
				GCC_WARN_UNUSED_VARIABLE = YES;
				IPHONEOS_DEPLOYMENT_TARGET = 16.2;
				MTL_ENABLE_DEBUG_INFO = NO;
				MTL_FAST_MATH = YES;
				SDKROOT = iphoneos;
				SWIFT_COMPILATION_MODE = wholemodule;
				SWIFT_OPTIMIZATION_LEVEL = "-O";
				VALIDATE_PRODUCT = YES;
			};
			name = Release;
		};
		5715F2CE2B3A6153008C0A45 /* Debug */ = {
			isa = XCBuildConfiguration;
			buildSettings = {
				ASSETCATALOG_COMPILER_APPICON_NAME = AppIcon;
				ASSETCATALOG_COMPILER_GLOBAL_ACCENT_COLOR_NAME = AccentColor;
				CODE_SIGN_STYLE = Automatic;
				CURRENT_PROJECT_VERSION = 1;
				DEVELOPMENT_ASSET_PATHS = "\"SeSACWebSocket/Preview Content\"";
				DEVELOPMENT_TEAM = 86BUJA8T6M;
				ENABLE_PREVIEWS = YES;
				GENERATE_INFOPLIST_FILE = YES;
				INFOPLIST_KEY_UIApplicationSceneManifest_Generation = YES;
				INFOPLIST_KEY_UIApplicationSupportsIndirectInputEvents = YES;
				INFOPLIST_KEY_UILaunchScreen_Generation = YES;
				INFOPLIST_KEY_UISupportedInterfaceOrientations_iPad = "UIInterfaceOrientationPortrait UIInterfaceOrientationPortraitUpsideDown UIInterfaceOrientationLandscapeLeft UIInterfaceOrientationLandscapeRight";
				INFOPLIST_KEY_UISupportedInterfaceOrientations_iPhone = "UIInterfaceOrientationPortrait UIInterfaceOrientationLandscapeLeft UIInterfaceOrientationLandscapeRight";
				LD_RUNPATH_SEARCH_PATHS = (
					"$(inherited)",
					"@executable_path/Frameworks",
				);
				MARKETING_VERSION = 1.0;
				PRODUCT_BUNDLE_IDENTIFIER = com.prodvssw.98.SeSACWebSocket;
				PRODUCT_NAME = "$(TARGET_NAME)";
				SWIFT_EMIT_LOC_STRINGS = YES;
				SWIFT_VERSION = 5.0;
				TARGETED_DEVICE_FAMILY = "1,2";
			};
			name = Debug;
		};
		5715F2CF2B3A6153008C0A45 /* Release */ = {
			isa = XCBuildConfiguration;
			buildSettings = {
				ASSETCATALOG_COMPILER_APPICON_NAME = AppIcon;
				ASSETCATALOG_COMPILER_GLOBAL_ACCENT_COLOR_NAME = AccentColor;
				CODE_SIGN_STYLE = Automatic;
				CURRENT_PROJECT_VERSION = 1;
				DEVELOPMENT_ASSET_PATHS = "\"SeSACWebSocket/Preview Content\"";
				DEVELOPMENT_TEAM = 86BUJA8T6M;
				ENABLE_PREVIEWS = YES;
				GENERATE_INFOPLIST_FILE = YES;
				INFOPLIST_KEY_UIApplicationSceneManifest_Generation = YES;
				INFOPLIST_KEY_UIApplicationSupportsIndirectInputEvents = YES;
				INFOPLIST_KEY_UILaunchScreen_Generation = YES;
				INFOPLIST_KEY_UISupportedInterfaceOrientations_iPad = "UIInterfaceOrientationPortrait UIInterfaceOrientationPortraitUpsideDown UIInterfaceOrientationLandscapeLeft UIInterfaceOrientationLandscapeRight";
				INFOPLIST_KEY_UISupportedInterfaceOrientations_iPhone = "UIInterfaceOrientationPortrait UIInterfaceOrientationLandscapeLeft UIInterfaceOrientationLandscapeRight";
				LD_RUNPATH_SEARCH_PATHS = (
					"$(inherited)",
					"@executable_path/Frameworks",
				);
				MARKETING_VERSION = 1.0;
				PRODUCT_BUNDLE_IDENTIFIER = com.prodvssw.98.SeSACWebSocket;
				PRODUCT_NAME = "$(TARGET_NAME)";
				SWIFT_EMIT_LOC_STRINGS = YES;
				SWIFT_VERSION = 5.0;
				TARGETED_DEVICE_FAMILY = "1,2";
			};
			name = Release;
		};
/* End XCBuildConfiguration section */

/* Begin XCConfigurationList section */
		5715F2BA2B3A614E008C0A45 /* Build configuration list for PBXProject "SeSACWebSocket" */ = {
			isa = XCConfigurationList;
			buildConfigurations = (
				5715F2CB2B3A6153008C0A45 /* Debug */,
				5715F2CC2B3A6153008C0A45 /* Release */,
			);
			defaultConfigurationIsVisible = 0;
			defaultConfigurationName = Release;
		};
		5715F2CD2B3A6153008C0A45 /* Build configuration list for PBXNativeTarget "SeSACWebSocket" */ = {
			isa = XCConfigurationList;
			buildConfigurations = (
				5715F2CE2B3A6153008C0A45 /* Debug */,
				5715F2CF2B3A6153008C0A45 /* Release */,
			);
			defaultConfigurationIsVisible = 0;
			defaultConfigurationName = Release;
		};
/* End XCConfigurationList section */
	};
	rootObject = 5715F2B72B3A614E008C0A45 /* Project object */;
}
